Microsoft Visual Studio Solution File, Format Version 7.00
Project("{8BC9CEB8-8B4A-11D0-8D11-00A0C91BC942}") = "tapihelp", "tapihelp.vcproj", "{E3C6623D-F1AE-447A-A9C6-D0AAD10EE6E0}"
EndProject
Global
	GlobalSection(SolutionConfiguration) = preSolution
		ConfigName.0 = Debug
		ConfigName.1 = Release
	EndGlobalSection
	GlobalSection(ProjectDependencies) = postSolution
	EndGlobalSection
	GlobalSection(ProjectConfiguration) = postSolution
		{E3C6623D-F1AE-447A-A9C6-D0AAD10EE6E0}.Debug.ActiveCfg = Debug|Win32
		{E3C6623D-F1AE-447A-A9C6-D0AAD10EE6E0}.Debug.Build.0 = Debug|Win32
		{E3C6623D-F1AE-447A-A9C6-D0AAD10EE6E0}.Release.ActiveCfg = Release|Win32
		{E3C6623D-F1AE-447A-A9C6-D0AAD10EE6E0}.Release.Build.0 = Release|Win32
	EndGlobalSection
	GlobalSection(ExtensibilityGlobals) = postSolution
	EndGlobalSection
	GlobalSection(ExtensibilityAddIns) = postSolution
	EndGlobalSection
EndGlobal
