
Microsoft Visual Studio Solution File, Format Version 11.00
# Visual Studio 2010
Project("{8BC9CEB8-8B4A-11D0-8D11-00A0C91BC942}") = "ShellExecAsUser", "ShellExecAsUser.vcxproj", "{6847F783-1595-140F-F2F5-520D22A56C50}"
EndProject
Global
	GlobalSection(SolutionConfigurationPlatforms) = preSolution
		Debug|Win32 = Debug|Win32
		Release|Win32 = Release|Win32
		ReleaseUnicode|Win32 = ReleaseUnicode|Win32
	EndGlobalSection
	GlobalSection(ProjectConfigurationPlatforms) = postSolution
		{6847F783-1595-140F-F2F5-520D22A56C50}.Debug|Win32.ActiveCfg = Debug|Win32
		{6847F783-1595-140F-F2F5-520D22A56C50}.Debug|Win32.Build.0 = Debug|Win32
		{6847F783-1595-140F-F2F5-520D22A56C50}.Release|Win32.ActiveCfg = Release|Win32
		{6847F783-1595-140F-F2F5-520D22A56C50}.Release|Win32.Build.0 = Release|Win32
		{6847F783-1595-140F-F2F5-520D22A56C50}.ReleaseUnicode|Win32.ActiveCfg = ReleaseUnicode|Win32
		{6847F783-1595-140F-F2F5-520D22A56C50}.ReleaseUnicode|Win32.Build.0 = ReleaseUnicode|Win32
	EndGlobalSection
	GlobalSection(SolutionProperties) = preSolution
		HideSolutionNode = FALSE
	EndGlobalSection
EndGlobal
