
Microsoft Visual Studio Solution File, Format Version 9.00
# Visual Studio 2005
Project("{8BC9CEB8-8B4A-11D0-8D11-00A0C91BC942}") = "base64", "base64.vcproj", "{5EDC2D38-F36C-4546-98A1-4DE32B84B2B5}"
EndProject
Global
	GlobalSection(SolutionConfigurationPlatforms) = preSolution
		Debug|Win32 = Debug|Win32
		Release|Win32 = Release|Win32
	EndGlobalSection
	GlobalSection(ProjectConfigurationPlatforms) = postSolution
		{5EDC2D38-F36C-4546-98A1-4DE32B84B2B5}.Debug|Win32.ActiveCfg = Debug|Win32
		{5EDC2D38-F36C-4546-98A1-4DE32B84B2B5}.Debug|Win32.Build.0 = Debug|Win32
		{5EDC2D38-F36C-4546-98A1-4DE32B84B2B5}.Release|Win32.ActiveCfg = Release|Win32
		{5EDC2D38-F36C-4546-98A1-4DE32B84B2B5}.Release|Win32.Build.0 = Release|Win32
	EndGlobalSection
	GlobalSection(SolutionProperties) = preSolution
		HideSolutionNode = FALSE
	EndGlobalSection
EndGlobal
