Microsoft Visual Studio Solution File, Format Version 12.00
# Visual Studio 2012
Project("{8BC9CEB8-8B4A-11D0-8D11-00A0C91BC942}") = "nsFlash", "nsFlash.vcxproj", "{9BDF566B-7CF6-49F1-B860-72DFDB8EB696}"
EndProject
Global
	GlobalSection(SolutionConfigurationPlatforms) = preSolution
		Debug Unicode|Win32 = Debug Unicode|Win32
		Debug|Win32 = Debug|Win32
		Release Unicode|Win32 = Release Unicode|Win32
		Release|Win32 = Release|Win32
	EndGlobalSection
	GlobalSection(ProjectConfigurationPlatforms) = postSolution
		{9BDF566B-7CF6-49F1-B860-72DFDB8EB696}.Debug Unicode|Win32.ActiveCfg = Debug Unicode|Win32
		{9BDF566B-7CF6-49F1-B860-72DFDB8EB696}.Debug Unicode|Win32.Build.0 = Debug Unicode|Win32
		{9BDF566B-7CF6-49F1-B860-72DFDB8EB696}.Debug|Win32.ActiveCfg = Debug|Win32
		{9BDF566B-7CF6-49F1-B860-72DFDB8EB696}.Debug|Win32.Build.0 = Debug|Win32
		{9BDF566B-7CF6-49F1-B860-72DFDB8EB696}.Release Unicode|Win32.ActiveCfg = Release Unicode|Win32
		{9BDF566B-7CF6-49F1-B860-72DFDB8EB696}.Release Unicode|Win32.Build.0 = Release Unicode|Win32
		{9BDF566B-7CF6-49F1-B860-72DFDB8EB696}.Release|Win32.ActiveCfg = Release|Win32
		{9BDF566B-7CF6-49F1-B860-72DFDB8EB696}.Release|Win32.Build.0 = Release|Win32
	EndGlobalSection
	GlobalSection(SolutionProperties) = preSolution
		HideSolutionNode = FALSE
	EndGlobalSection
EndGlobal
